
Microsoft Visual Studio Solution File, Format Version 12.00
# Visual Studio Version 17
VisualStudioVersion = 17.0.31903.59
MinimumVisualStudioVersion = 10.0.40219.1
Project("{2150E333-8FDC-42A3-9474-1A3956D46DE8}") = "src", "src", "{827E0CD3-B72D-47B6-A68D-7590B98EB39B}"
EndProject
Project("{FAE04EC0-301F-11D3-BF4B-00C04F79EFBC}") = "CRObras.Domain", "src\CRObras.Domain\CRObras.Domain.csproj", "{10177797-3CD0-4721-822A-FD682597BE21}"
EndProject
Project("{FAE04EC0-301F-11D3-BF4B-00C04F79EFBC}") = "CRObras.Application", "src\CRObras.Application\CRObras.Application.csproj", "{C0C6C19A-EDDB-4028-AACB-6B5A90FC2C69}"
EndProject
Project("{FAE04EC0-301F-11D3-BF4B-00C04F79EFBC}") = "CRObras.Infrastructure", "src\CRObras.Infrastructure\CRObras.Infrastructure.csproj", "{2EC3DD34-FFA9-4AE5-85E4-E7944D4A3877}"
EndProject
Project("{FAE04EC0-301F-11D3-BF4B-00C04F79EFBC}") = "CRObras.Api", "src\CRObras.Api\CRObras.Api.csproj", "{6FA3FF06-BB73-4553-BB30-43096F10BDEB}"
EndProject
Project("{FAE04EC0-301F-11D3-BF4B-00C04F79EFBC}") = "CRObras.Tests", "tests\CRObras.Tests\CRObras.Tests.csproj", "{9A47F3CF-1A00-41EB-9397-991BE9ABAA9C}"
EndProject
Global
	GlobalSection(SolutionConfigurationPlatforms) = preSolution
		Debug|Any CPU = Debug|Any CPU
		Debug|x64 = Debug|x64
		Debug|x86 = Debug|x86
		Release|Any CPU = Release|Any CPU
		Release|x64 = Release|x64
		Release|x86 = Release|x86
	EndGlobalSection
	GlobalSection(ProjectConfigurationPlatforms) = postSolution
		{10177797-3CD0-4721-822A-FD682597BE21}.Debug|Any CPU.ActiveCfg = Debug|Any CPU
		{10177797-3CD0-4721-822A-FD682597BE21}.Debug|Any CPU.Build.0 = Debug|Any CPU
		{10177797-3CD0-4721-822A-FD682597BE21}.Debug|x64.ActiveCfg = Debug|Any CPU
		{10177797-3CD0-4721-822A-FD682597BE21}.Debug|x64.Build.0 = Debug|Any CPU
		{10177797-3CD0-4721-822A-FD682597BE21}.Debug|x86.ActiveCfg = Debug|Any CPU
		{10177797-3CD0-4721-822A-FD682597BE21}.Debug|x86.Build.0 = Debug|Any CPU
		{10177797-3CD0-4721-822A-FD682597BE21}.Release|Any CPU.ActiveCfg = Release|Any CPU
		{10177797-3CD0-4721-822A-FD682597BE21}.Release|Any CPU.Build.0 = Release|Any CPU
		{10177797-3CD0-4721-822A-FD682597BE21}.Release|x64.ActiveCfg = Release|Any CPU
		{10177797-3CD0-4721-822A-FD682597BE21}.Release|x64.Build.0 = Release|Any CPU
		{10177797-3CD0-4721-822A-FD682597BE21}.Release|x86.ActiveCfg = Release|Any CPU
		{10177797-3CD0-4721-822A-FD682597BE21}.Release|x86.Build.0 = Release|Any CPU
		{C0C6C19A-EDDB-4028-AACB-6B5A90FC2C69}.Debug|Any CPU.ActiveCfg = Debug|Any CPU
		{C0C6C19A-EDDB-4028-AACB-6B5A90FC2C69}.Debug|Any CPU.Build.0 = Debug|Any CPU
		{C0C6C19A-EDDB-4028-AACB-6B5A90FC2C69}.Debug|x64.ActiveCfg = Debug|Any CPU
		{C0C6C19A-EDDB-4028-AACB-6B5A90FC2C69}.Debug|x64.Build.0 = Debug|Any CPU
		{C0C6C19A-EDDB-4028-AACB-6B5A90FC2C69}.Debug|x86.ActiveCfg = Debug|Any CPU
		{C0C6C19A-EDDB-4028-AACB-6B5A90FC2C69}.Debug|x86.Build.0 = Debug|Any CPU
		{C0C6C19A-EDDB-4028-AACB-6B5A90FC2C69}.Release|Any CPU.ActiveCfg = Release|Any CPU
		{C0C6C19A-EDDB-4028-AACB-6B5A90FC2C69}.Release|Any CPU.Build.0 = Release|Any CPU
		{C0C6C19A-EDDB-4028-AACB-6B5A90FC2C69}.Release|x64.ActiveCfg = Release|Any CPU
		{C0C6C19A-EDDB-4028-AACB-6B5A90FC2C69}.Release|x64.Build.0 = Release|Any CPU
		{C0C6C19A-EDDB-4028-AACB-6B5A90FC2C69}.Release|x86.ActiveCfg = Release|Any CPU
		{C0C6C19A-EDDB-4028-AACB-6B5A90FC2C69}.Release|x86.Build.0 = Release|Any CPU
		{2EC3DD34-FFA9-4AE5-85E4-E7944D4A3877}.Debug|Any CPU.ActiveCfg = Debug|Any CPU
		{2EC3DD34-FFA9-4AE5-85E4-E7944D4A3877}.Debug|Any CPU.Build.0 = Debug|Any CPU
		{2EC3DD34-FFA9-4AE5-85E4-E7944D4A3877}.Debug|x64.ActiveCfg = Debug|Any CPU
		{2EC3DD34-FFA9-4AE5-85E4-E7944D4A3877}.Debug|x64.Build.0 = Debug|Any CPU
		{2EC3DD34-FFA9-4AE5-85E4-E7944D4A3877}.Debug|x86.ActiveCfg = Debug|Any CPU
		{2EC3DD34-FFA9-4AE5-85E4-E7944D4A3877}.Debug|x86.Build.0 = Debug|Any CPU
		{2EC3DD34-FFA9-4AE5-85E4-E7944D4A3877}.Release|Any CPU.ActiveCfg = Release|Any CPU
		{2EC3DD34-FFA9-4AE5-85E4-E7944D4A3877}.Release|Any CPU.Build.0 = Release|Any CPU
		{2EC3DD34-FFA9-4AE5-85E4-E7944D4A3877}.Release|x64.ActiveCfg = Release|Any CPU
		{2EC3DD34-FFA9-4AE5-85E4-E7944D4A3877}.Release|x64.Build.0 = Release|Any CPU
		{2EC3DD34-FFA9-4AE5-85E4-E7944D4A3877}.Release|x86.ActiveCfg = Release|Any CPU
		{2EC3DD34-FFA9-4AE5-85E4-E7944D4A3877}.Release|x86.Build.0 = Release|Any CPU
		{6FA3FF06-BB73-4553-BB30-43096F10BDEB}.Debug|Any CPU.ActiveCfg = Debug|Any CPU
		{6FA3FF06-BB73-4553-BB30-43096F10BDEB}.Debug|Any CPU.Build.0 = Debug|Any CPU
		{6FA3FF06-BB73-4553-BB30-43096F10BDEB}.Debug|x64.ActiveCfg = Debug|Any CPU
		{6FA3FF06-BB73-4553-BB30-43096F10BDEB}.Debug|x64.Build.0 = Debug|Any CPU
		{6FA3FF06-BB73-4553-BB30-43096F10BDEB}.Debug|x86.ActiveCfg = Debug|Any CPU
		{6FA3FF06-BB73-4553-BB30-43096F10BDEB}.Debug|x86.Build.0 = Debug|Any CPU
		{6FA3FF06-BB73-4553-BB30-43096F10BDEB}.Release|Any CPU.ActiveCfg = Release|Any CPU
		{6FA3FF06-BB73-4553-BB30-43096F10BDEB}.Release|Any CPU.Build.0 = Release|Any CPU
		{6FA3FF06-BB73-4553-BB30-43096F10BDEB}.Release|x64.ActiveCfg = Release|Any CPU
		{6FA3FF06-BB73-4553-BB30-43096F10BDEB}.Release|x64.Build.0 = Release|Any CPU
		{6FA3FF06-BB73-4553-BB30-43096F10BDEB}.Release|x86.ActiveCfg = Release|Any CPU
		{6FA3FF06-BB73-4553-BB30-43096F10BDEB}.Release|x86.Build.0 = Release|Any CPU
		{9A47F3CF-1A00-41EB-9397-991BE9ABAA9C}.Debug|Any CPU.ActiveCfg = Debug|Any CPU
		{9A47F3CF-1A00-41EB-9397-991BE9ABAA9C}.Debug|Any CPU.Build.0 = Debug|Any CPU
		{9A47F3CF-1A00-41EB-9397-991BE9ABAA9C}.Debug|x64.ActiveCfg = Debug|Any CPU
		{9A47F3CF-1A00-41EB-9397-991BE9ABAA9C}.Debug|x64.Build.0 = Debug|Any CPU
		{9A47F3CF-1A00-41EB-9397-991BE9ABAA9C}.Debug|x86.ActiveCfg = Debug|Any CPU
		{9A47F3CF-1A00-41EB-9397-991BE9ABAA9C}.Debug|x86.Build.0 = Debug|Any CPU
		{9A47F3CF-1A00-41EB-9397-991BE9ABAA9C}.Release|Any CPU.ActiveCfg = Release|Any CPU
		{9A47F3CF-1A00-41EB-9397-991BE9ABAA9C}.Release|Any CPU.Build.0 = Release|Any CPU
		{9A47F3CF-1A00-41EB-9397-991BE9ABAA9C}.Release|x64.ActiveCfg = Release|Any CPU
		{9A47F3CF-1A00-41EB-9397-991BE9ABAA9C}.Release|x64.Build.0 = Release|Any CPU
		{9A47F3CF-1A00-41EB-9397-991BE9ABAA9C}.Release|x86.ActiveCfg = Release|Any CPU
		{9A47F3CF-1A00-41EB-9397-991BE9ABAA9C}.Release|x86.Build.0 = Release|Any CPU
	EndGlobalSection
	GlobalSection(SolutionProperties) = preSolution
		HideSolutionNode = FALSE
	EndGlobalSection
	GlobalSection(NestedProjects) = preSolution
		{10177797-3CD0-4721-822A-FD682597BE21} = {827E0CD3-B72D-47B6-A68D-7590B98EB39B}
		{C0C6C19A-EDDB-4028-AACB-6B5A90FC2C69} = {827E0CD3-B72D-47B6-A68D-7590B98EB39B}
		{2EC3DD34-FFA9-4AE5-85E4-E7944D4A3877} = {827E0CD3-B72D-47B6-A68D-7590B98EB39B}
		{6FA3FF06-BB73-4553-BB30-43096F10BDEB} = {827E0CD3-B72D-47B6-A68D-7590B98EB39B}
		{9A47F3CF-1A00-41EB-9397-991BE9ABAA9C} = {827E0CD3-B72D-47B6-A68D-7590B98EB39B}
	EndGlobalSection
EndGlobal
